
Microsoft Visual Studio Solution File, Format Version 12.00
# Visual Studio Version 16
VisualStudioVersion = 16.0.30128.36
MinimumVisualStudioVersion = 10.0.40219.1
Project("{8BC9CEB8-8B4A-11D0-8D11-00A0C91BC942}") = "Árbol Binario de Búsqueda - Recursivo", "Árbol Binario de Búsqueda - Recursivo\Árbol Binario de Búsqueda - Recursivo.vcxproj", "{610B7A11-E58F-4129-8DF2-E0EC69135DF4}"
EndProject
Global
	GlobalSection(SolutionConfigurationPlatforms) = preSolution
		Debug|x64 = Debug|x64
		Debug|x86 = Debug|x86
		Release|x64 = Release|x64
		Release|x86 = Release|x86
	EndGlobalSection
	GlobalSection(ProjectConfigurationPlatforms) = postSolution
		{610B7A11-E58F-4129-8DF2-E0EC69135DF4}.Debug|x64.ActiveCfg = Debug|x64
		{610B7A11-E58F-4129-8DF2-E0EC69135DF4}.Debug|x64.Build.0 = Debug|x64
		{610B7A11-E58F-4129-8DF2-E0EC69135DF4}.Debug|x86.ActiveCfg = Debug|Win32
		{610B7A11-E58F-4129-8DF2-E0EC69135DF4}.Debug|x86.Build.0 = Debug|Win32
		{610B7A11-E58F-4129-8DF2-E0EC69135DF4}.Release|x64.ActiveCfg = Release|x64
		{610B7A11-E58F-4129-8DF2-E0EC69135DF4}.Release|x64.Build.0 = Release|x64
		{610B7A11-E58F-4129-8DF2-E0EC69135DF4}.Release|x86.ActiveCfg = Release|Win32
		{610B7A11-E58F-4129-8DF2-E0EC69135DF4}.Release|x86.Build.0 = Release|Win32
	EndGlobalSection
	GlobalSection(SolutionProperties) = preSolution
		HideSolutionNode = FALSE
	EndGlobalSection
	GlobalSection(ExtensibilityGlobals) = postSolution
		SolutionGuid = {41B616D2-1C70-4070-8FDD-68AEC7020F7D}
	EndGlobalSection
EndGlobal
