
Microsoft Visual Studio Solution File, Format Version 12.00
# Visual Studio 15
VisualStudioVersion = 15.0.28307.539
MinimumVisualStudioVersion = 10.0.40219.1
Project("{8BC9CEB8-8B4A-11D0-8D11-00A0C91BC942}") = "CircularsSinglePointer", "CircularsSinglePointer\CircularsSinglePointer.vcxproj", "{5580645B-E285-47F3-B892-6DB407F79866}"
EndProject
Global
	GlobalSection(SolutionConfigurationPlatforms) = preSolution
		Debug|x64 = Debug|x64
		Debug|x86 = Debug|x86
		Release|x64 = Release|x64
		Release|x86 = Release|x86
	EndGlobalSection
	GlobalSection(ProjectConfigurationPlatforms) = postSolution
		{5580645B-E285-47F3-B892-6DB407F79866}.Debug|x64.ActiveCfg = Debug|x64
		{5580645B-E285-47F3-B892-6DB407F79866}.Debug|x64.Build.0 = Debug|x64
		{5580645B-E285-47F3-B892-6DB407F79866}.Debug|x86.ActiveCfg = Debug|Win32
		{5580645B-E285-47F3-B892-6DB407F79866}.Debug|x86.Build.0 = Debug|Win32
		{5580645B-E285-47F3-B892-6DB407F79866}.Release|x64.ActiveCfg = Release|x64
		{5580645B-E285-47F3-B892-6DB407F79866}.Release|x64.Build.0 = Release|x64
		{5580645B-E285-47F3-B892-6DB407F79866}.Release|x86.ActiveCfg = Release|Win32
		{5580645B-E285-47F3-B892-6DB407F79866}.Release|x86.Build.0 = Release|Win32
	EndGlobalSection
	GlobalSection(SolutionProperties) = preSolution
		HideSolutionNode = FALSE
	EndGlobalSection
	GlobalSection(ExtensibilityGlobals) = postSolution
		SolutionGuid = {4C1EBC2E-114B-43C1-BF46-2B9FD1E1B9EB}
	EndGlobalSection
EndGlobal
